
Microsoft Visual Studio Solution File, Format Version 12.00
# Visual Studio Version 17
VisualStudioVersion = 17.14.36623.8
MinimumVisualStudioVersion = 10.0.40219.1
Project("{FAE04EC0-301F-11D3-BF4B-00C04F79EFBC}") = "LOAN_Web_API", "LOAN_Web_API\LOAN_Web_API.csproj", "{1197C13F-1AA2-47BF-AFEF-9E4C92D40988}"
EndProject
Project("{FAE04EC0-301F-11D3-BF4B-00C04F79EFBC}") = "Tests", "Tests\Tests.csproj", "{204F1C31-5747-45D1-A0FE-23B3921E68B5}"
EndProject
Global
	GlobalSection(SolutionConfigurationPlatforms) = preSolution
		Debug|Any CPU = Debug|Any CPU
		Release|Any CPU = Release|Any CPU
	EndGlobalSection
	GlobalSection(ProjectConfigurationPlatforms) = postSolution
		{1197C13F-1AA2-47BF-AFEF-9E4C92D40988}.Debug|Any CPU.ActiveCfg = Debug|Any CPU
		{1197C13F-1AA2-47BF-AFEF-9E4C92D40988}.Debug|Any CPU.Build.0 = Debug|Any CPU
		{1197C13F-1AA2-47BF-AFEF-9E4C92D40988}.Release|Any CPU.ActiveCfg = Release|Any CPU
		{1197C13F-1AA2-47BF-AFEF-9E4C92D40988}.Release|Any CPU.Build.0 = Release|Any CPU
		{204F1C31-5747-45D1-A0FE-23B3921E68B5}.Debug|Any CPU.ActiveCfg = Debug|Any CPU
		{204F1C31-5747-45D1-A0FE-23B3921E68B5}.Debug|Any CPU.Build.0 = Debug|Any CPU
		{204F1C31-5747-45D1-A0FE-23B3921E68B5}.Release|Any CPU.ActiveCfg = Release|Any CPU
		{204F1C31-5747-45D1-A0FE-23B3921E68B5}.Release|Any CPU.Build.0 = Release|Any CPU
	EndGlobalSection
	GlobalSection(SolutionProperties) = preSolution
		HideSolutionNode = FALSE
	EndGlobalSection
	GlobalSection(ExtensibilityGlobals) = postSolution
		SolutionGuid = {DCB1F549-A824-4FFD-B219-ED543B653A7F}
	EndGlobalSection
EndGlobal
